{
  "name": "toss-training",
  "version": "1.0.0",
  "lockfileVersion": 3,
  "requires": true,
  "packages": {
    "": {
      "name": "toss-training",
      "version": "1.0.0",
      "license": "ISC",
      "dependencies": {
        "es-toolkit": "^1.39.7"
      }
    },
    "node_modules/es-toolkit": {
      "version": "1.39.7",
      "resolved": "https://registry.npmjs.org/es-toolkit/-/es-toolkit-1.39.7.tgz",
      "integrity": "sha512-ek/wWryKouBrZIjkwW2BFf91CWOIMvoy2AE5YYgUrfWsJQM2Su1LoLtrw8uusEpN9RfqLlV/0FVNjT0WMv8Bxw=="
    }
  }
}
